<?xml version="1.0" encoding="utf-8"?>
<Project ToolsVersion="4.0" xmlns="http://schemas.microsoft.com/developer/msbuild/2003">
  <ItemGroup>
    <Filter Include="Resources">
      <UniqueIdentifier>{9EF5ED39-1BF9-4795-978D-87DE5B8B3993}</UniqueIdentifier>
    </Filter>
    <Filter Include="Plugin Kernel">
      <UniqueIdentifier>{7076E36B-E652-4271-8F1F-702D967CDD04}</UniqueIdentifier>
    </Filter>
    <Filter Include="vstgui4">
      <UniqueIdentifier>{16C10B24-7B72-4994-8DAC-F22CF1519313}</UniqueIdentifier>
    </Filter>
    <Filter Include="CustomControls">
      <UniqueIdentifier>{F15F92A7-6994-4E94-988D-98AB29FAF60A}</UniqueIdentifier>
    </Filter>
    <Filter Include="RAFX2 Source">
      <UniqueIdentifier>{0AB1DA01-724D-4FDA-9B28-B5AB891E17C1}</UniqueIdentifier>
    </Filter>
    <Filter Include="Plugin Kernel\Plugin GUI">
      <UniqueIdentifier>{34C610E1-8213-4C8B-9A3A-986BC2265C24}</UniqueIdentifier>
    </Filter>
    <Filter Include="Plugin Kernel\Plugin Core">
      <UniqueIdentifier>{EE5DE245-82E4-4A06-B10E-1952B092E89A}</UniqueIdentifier>
    </Filter>
    <Filter Include="PluginObjects">
      <UniqueIdentifier>{38347A42-8EF0-49E1-91CA-879C641AA972}</UniqueIdentifier>
    </Filter>
  </ItemGroup>
  <ItemGroup>
    <ClCompile Include="..\RAFX2 Source\RackAFXDLL.cpp">
      <Filter>RAFX2 Source</Filter>
    </ClCompile>
    <ClCompile Include="..\RAFX2 Source\Rafx2Plugin.cpp">
      <Filter>RAFX2 Source</Filter>
    </ClCompile>
    <ClCompile Include="..\..\vstgui4\vstgui\vstgui_uidescription_win32.cpp">
      <Filter>vstgui4</Filter>
    </ClCompile>
    <ClCompile Include="..\..\vstgui4\vstgui\vstgui_win32.cpp">
      <Filter>vstgui4</Filter>
    </ClCompile>
    <ClCompile Include="..\CustomControls\customviews.cpp">
      <Filter>CustomControls</Filter>
    </ClCompile>
    <ClCompile Include="..\RAFX2 Source\Rafx2PluginBase.cpp">
      <Filter>RAFX2 Source</Filter>
    </ClCompile>
    <ClCompile Include="..\CustomControls\customcontrols.cpp">
      <Filter>CustomControls</Filter>
    </ClCompile>
    <ClCompile Include="..\PluginKernel\plugincore.cpp">
      <Filter>Plugin Kernel\Plugin Core</Filter>
    </ClCompile>
    <ClCompile Include="..\PluginKernel\pluginbase.cpp">
      <Filter>Plugin Kernel\Plugin Core</Filter>
    </ClCompile>
    <ClCompile Include="..\PluginKernel\plugingui.cpp">
      <Filter>Plugin Kernel\Plugin GUI</Filter>
    </ClCompile>
    <ClCompile Include="..\PluginKernel\pluginparameter.cpp">
      <Filter>Plugin Kernel\Plugin Core</Filter>
    </ClCompile>
    <ClCompile Include="..\PluginObjects\fxobjects.cpp">
      <Filter>PluginObjects</Filter>
    </ClCompile>
    <ClCompile Include="..\PluginObjects\dca_eg.cpp">
      <Filter>PluginObjects</Filter>
    </ClCompile>
    <ClCompile Include="..\PluginObjects\synthcore.cpp">
      <Filter>PluginObjects</Filter>
    </ClCompile>
    <ClCompile Include="..\PluginObjects\synthlfo.cpp">
      <Filter>PluginObjects</Filter>
    </ClCompile>
    <ClCompile Include="..\PluginObjects\synthoscillator.cpp">
      <Filter>PluginObjects</Filter>
    </ClCompile>
    <ClCompile Include="..\PluginObjects\vafilters.cpp">
      <Filter>PluginObjects</Filter>
    </ClCompile>
    <ClCompile Include="..\PluginObjects\wavedata.cpp">
      <Filter>PluginObjects</Filter>
    </ClCompile>
    <ClCompile Include="..\PluginObjects\wavetableoscillator.cpp">
      <Filter>PluginObjects</Filter>
    </ClCompile>
    <ClCompile Include="..\PluginObjects\window_eg.cpp">
      <Filter>PluginObjects</Filter>
    </ClCompile>
  </ItemGroup>
  <ItemGroup>
    <ClInclude Include="..\RAFX2 Source\RackAFXDLL.h">
      <Filter>RAFX2 Source</Filter>
    </ClInclude>
    <ClInclude Include="..\RAFX2 Source\Rafx2Plugin.h">
      <Filter>RAFX2 Source</Filter>
    </ClInclude>
    <ClInclude Include="..\CustomControls\customviews.h">
      <Filter>CustomControls</Filter>
    </ClInclude>
    <ClInclude Include="..\Resources\resource.h">
      <Filter>Resources</Filter>
    </ClInclude>
    <ClInclude Include="..\RAFX2 Source\Rafx2PluginBase.h">
      <Filter>RAFX2 Source</Filter>
    </ClInclude>
    <ClInclude Include="..\CustomControls\customcontrols.h">
      <Filter>CustomControls</Filter>
    </ClInclude>
    <ClInclude Include="..\PluginKernel\pluginbase.h">
      <Filter>Plugin Kernel\Plugin Core</Filter>
    </ClInclude>
    <ClInclude Include="..\PluginKernel\plugincore.h">
      <Filter>Plugin Kernel\Plugin Core</Filter>
    </ClInclude>
    <ClInclude Include="..\PluginKernel\guiconstants.h">
      <Filter>Plugin Kernel\Plugin GUI</Filter>
    </ClInclude>
    <ClInclude Include="..\PluginKernel\plugindescription.h">
      <Filter>Plugin Kernel\Plugin Core</Filter>
    </ClInclude>
    <ClInclude Include="..\PluginKernel\plugingui.h">
      <Filter>Plugin Kernel\Plugin GUI</Filter>
    </ClInclude>
    <ClInclude Include="..\PluginKernel\pluginstructures.h">
      <Filter>Plugin Kernel\Plugin Core</Filter>
    </ClInclude>
    <ClInclude Include="..\PluginKernel\pluginparameter.h">
      <Filter>Plugin Kernel\Plugin Core</Filter>
    </ClInclude>
    <ClInclude Include="..\PluginObjects\fxobjects.h">
      <Filter>PluginObjects</Filter>
    </ClInclude>
    <ClInclude Include="..\PluginObjects\filters.h">
      <Filter>PluginObjects</Filter>
    </ClInclude>
    <ClInclude Include="..\CustomControls\atomicops.h">
      <Filter>CustomControls</Filter>
    </ClInclude>
    <ClInclude Include="..\CustomControls\readerwriterqueue.h">
      <Filter>CustomControls</Filter>
    </ClInclude>
    <ClInclude Include="..\PluginObjects\analogsaw.h">
      <Filter>PluginObjects</Filter>
    </ClInclude>
    <ClInclude Include="..\PluginObjects\dca_eg.h">
      <Filter>PluginObjects</Filter>
    </ClInclude>
    <ClInclude Include="..\PluginObjects\synthcore.h">
      <Filter>PluginObjects</Filter>
    </ClInclude>
    <ClInclude Include="..\PluginObjects\synthdefs.h">
      <Filter>PluginObjects</Filter>
    </ClInclude>
    <ClInclude Include="..\PluginObjects\synthlfo.h">
      <Filter>PluginObjects</Filter>
    </ClInclude>
    <ClInclude Include="..\PluginObjects\synthoscillator.h">
      <Filter>PluginObjects</Filter>
    </ClInclude>
    <ClInclude Include="..\PluginObjects\trace.h">
      <Filter>PluginObjects</Filter>
    </ClInclude>
    <ClInclude Include="..\PluginObjects\vafilters.h">
      <Filter>PluginObjects</Filter>
    </ClInclude>
    <ClInclude Include="..\PluginObjects\wavedata.h">
      <Filter>PluginObjects</Filter>
    </ClInclude>
    <ClInclude Include="..\PluginObjects\wavetableoscillator.h">
      <Filter>PluginObjects</Filter>
    </ClInclude>
    <ClInclude Include="..\PluginObjects\window_eg.h">
      <Filter>PluginObjects</Filter>
    </ClInclude>
    <ClInclude Include="..\PluginObjects\wavetable.h">
      <Filter>PluginObjects</Filter>
    </ClInclude>
    <ClInclude Include="..\PluginObjects\analog_square_1.h">
      <Filter>PluginObjects</Filter>
    </ClInclude>
  </ItemGroup>
  <ItemGroup>
    <None Include="..\Resources\PluginGUI.uidesc">
      <Filter>Resources</Filter>
    </None>
  </ItemGroup>
  <ItemGroup>
    <ResourceCompile Include="PluginGUIMain.rc">
      <Filter>Resources</Filter>
    </ResourceCompile>
  </ItemGroup>
</Project>